{
  "name": "@memberjunction/config",
  "version": "2.133.0",
  "lockfileVersion": 3,
  "requires": true,
  "packages": {
    "": {
      "name": "@memberjunction/config",
      "version": "2.133.0",
      "license": "MIT",
      "dependencies": {
        "cosmiconfig": "^9.0.0",
        "lodash.mergewith": "^4.6.2",
        "zod": "^3.22.0"
      },
      "devDependencies": {
        "@types/lodash.mergewith": "^4.6.9",
        "@types/node": "^20.0.0",
        "typescript": "^5.3.0"
      }
    },
    "node_modules/@babel/code-frame": {
      "version": "7.28.6",
      "resolved": "https://registry.npmjs.org/@babel/code-frame/-/code-frame-7.28.6.tgz",
      "integrity": "sha512-JYgintcMjRiCvS8mMECzaEn+m3PfoQiyqukOMCCVQtoJGYJw8j/8LBJEiqkHLkfwCcs74E3pbAUFNg7d9VNJ+Q==",
      "license": "MIT",
      "dependencies": {
        "@babel/helper-validator-identifier": "^7.28.5",
        "js-tokens": "^4.0.0",
        "picocolors": "^1.1.1"
      },
      "engines": {
        "node": ">=6.9.0"
      }
    },
    "node_modules/@babel/helper-validator-identifier": {
      "version": "7.28.5",
      "resolved": "https://registry.npmjs.org/@babel/helper-validator-identifier/-/helper-validator-identifier-7.28.5.tgz",
      "integrity": "sha512-qSs4ifwzKJSV39ucNjsvc6WVHs6b7S03sOh2OcHF9UHfVPqWWALUsNUVzhSBiItjRZoLHx7nIarVjqKVusUZ1Q==",
      "license": "MIT",
      "engines": {
        "node": ">=6.9.0"
      }
    },
    "node_modules/@types/lodash": {
      "version": "4.17.23",
      "resolved": "https://registry.npmjs.org/@types/lodash/-/lodash-4.17.23.tgz",
      "integrity": "sha512-RDvF6wTulMPjrNdCoYRC8gNR880JNGT8uB+REUpC2Ns4pRqQJhGz90wh7rgdXDPpCczF3VGktDuFGVnz8zP7HA==",
      "dev": true,
      "license": "MIT"
    },
    "node_modules/@types/lodash.mergewith": {
      "version": "4.6.9",
      "resolved": "https://registry.npmjs.org/@types/lodash.mergewith/-/lodash.mergewith-4.6.9.tgz",
      "integrity": "sha512-fgkoCAOF47K7sxrQ7Mlud2TH023itugZs2bUg8h/KzT+BnZNrR2jAOmaokbLunHNnobXVWOezAeNn/lZqwxkcw==",
      "dev": true,
      "license": "MIT",
      "dependencies": {
        "@types/lodash": "*"
      }
    },
    "node_modules/@types/node": {
      "version": "20.19.29",
      "resolved": "https://registry.npmjs.org/@types/node/-/node-20.19.29.tgz",
      "integrity": "sha512-YrT9ArrGaHForBaCNwFjoqJWmn8G1Pr7+BH/vwyLHciA9qT/wSiuOhxGCT50JA5xLvFBd6PIiGkE3afxcPE1nw==",
      "dev": true,
      "license": "MIT",
      "dependencies": {
        "undici-types": "~6.21.0"
      }
    },
    "node_modules/argparse": {
      "version": "2.0.1",
      "resolved": "https://registry.npmjs.org/argparse/-/argparse-2.0.1.tgz",
      "integrity": "sha512-8+9WqebbFzpX9OR+Wa6O29asIogeRMzcGtAINdpMHHyAg10f05aSFVBbcEqGf/PXw1EjAZ+q2/bEBg3DvurK3Q==",
      "license": "Python-2.0"
    },
    "node_modules/callsites": {
      "version": "3.1.0",
      "resolved": "https://registry.npmjs.org/callsites/-/callsites-3.1.0.tgz",
      "integrity": "sha512-P8BjAsXvZS+VIDUI11hHCQEv74YT67YUi5JJFNWIqL235sBmjX4+qx9Muvls5ivyNENctx46xQLQ3aTuE7ssaQ==",
      "license": "MIT",
      "engines": {
        "node": ">=6"
      }
    },
    "node_modules/cosmiconfig": {
      "version": "9.0.0",
      "resolved": "https://registry.npmjs.org/cosmiconfig/-/cosmiconfig-9.0.0.tgz",
      "integrity": "sha512-itvL5h8RETACmOTFc4UfIyB2RfEHi71Ax6E/PivVxq9NseKbOWpeyHEOIbmAw1rs8Ak0VursQNww7lf7YtUwzg==",
      "license": "MIT",
      "dependencies": {
        "env-paths": "^2.2.1",
        "import-fresh": "^3.3.0",
        "js-yaml": "^4.1.0",
        "parse-json": "^5.2.0"
      },
      "engines": {
        "node": ">=14"
      },
      "funding": {
        "url": "https://github.com/sponsors/d-fischer"
      },
      "peerDependencies": {
        "typescript": ">=4.9.5"
      },
      "peerDependenciesMeta": {
        "typescript": {
          "optional": true
        }
      }
    },
    "node_modules/env-paths": {
      "version": "2.2.1",
      "resolved": "https://registry.npmjs.org/env-paths/-/env-paths-2.2.1.tgz",
      "integrity": "sha512-+h1lkLKhZMTYjog1VEpJNG7NZJWcuc2DDk/qsqSTRRCOXiLjeQ1d1/udrUGhqMxUgAlwKNZ0cf2uqan5GLuS2A==",
      "license": "MIT",
      "engines": {
        "node": ">=6"
      }
    },
    "node_modules/error-ex": {
      "version": "1.3.4",
      "resolved": "https://registry.npmjs.org/error-ex/-/error-ex-1.3.4.tgz",
      "integrity": "sha512-sqQamAnR14VgCr1A618A3sGrygcpK+HEbenA/HiEAkkUwcZIIB/tgWqHFxWgOyDh4nB4JCRimh79dR5Ywc9MDQ==",
      "license": "MIT",
      "dependencies": {
        "is-arrayish": "^0.2.1"
      }
    },
    "node_modules/import-fresh": {
      "version": "3.3.1",
      "resolved": "https://registry.npmjs.org/import-fresh/-/import-fresh-3.3.1.tgz",
      "integrity": "sha512-TR3KfrTZTYLPB6jUjfx6MF9WcWrHL9su5TObK4ZkYgBdWKPOFoSoQIdEuTuR82pmtxH2spWG9h6etwfr1pLBqQ==",
      "license": "MIT",
      "dependencies": {
        "parent-module": "^1.0.0",
        "resolve-from": "^4.0.0"
      },
      "engines": {
        "node": ">=6"
      },
      "funding": {
        "url": "https://github.com/sponsors/sindresorhus"
      }
    },
    "node_modules/is-arrayish": {
      "version": "0.2.1",
      "resolved": "https://registry.npmjs.org/is-arrayish/-/is-arrayish-0.2.1.tgz",
      "integrity": "sha512-zz06S8t0ozoDXMG+ube26zeCTNXcKIPJZJi8hBrF4idCLms4CG9QtK7qBl1boi5ODzFpjswb5JPmHCbMpjaYzg==",
      "license": "MIT"
    },
    "node_modules/js-tokens": {
      "version": "4.0.0",
      "resolved": "https://registry.npmjs.org/js-tokens/-/js-tokens-4.0.0.tgz",
      "integrity": "sha512-RdJUflcE3cUzKiMqQgsCu06FPu9UdIJO0beYbPhHN4k6apgJtifcoCtT9bcxOpYBtpD2kCM6Sbzg4CausW/PKQ==",
      "license": "MIT"
    },
    "node_modules/js-yaml": {
      "version": "4.1.1",
      "resolved": "https://registry.npmjs.org/js-yaml/-/js-yaml-4.1.1.tgz",
      "integrity": "sha512-qQKT4zQxXl8lLwBtHMWwaTcGfFOZviOJet3Oy/xmGk2gZH677CJM9EvtfdSkgWcATZhj/55JZ0rmy3myCT5lsA==",
      "license": "MIT",
      "dependencies": {
        "argparse": "^2.0.1"
      },
      "bin": {
        "js-yaml": "bin/js-yaml.js"
      }
    },
    "node_modules/json-parse-even-better-errors": {
      "version": "2.3.1",
      "resolved": "https://registry.npmjs.org/json-parse-even-better-errors/-/json-parse-even-better-errors-2.3.1.tgz",
      "integrity": "sha512-xyFwyhro/JEof6Ghe2iz2NcXoj2sloNsWr/XsERDK/oiPCfaNhl5ONfp+jQdAZRQQ0IJWNzH9zIZF7li91kh2w==",
      "license": "MIT"
    },
    "node_modules/lines-and-columns": {
      "version": "1.2.4",
      "resolved": "https://registry.npmjs.org/lines-and-columns/-/lines-and-columns-1.2.4.tgz",
      "integrity": "sha512-7ylylesZQ/PV29jhEDl3Ufjo6ZX7gCqJr5F7PKrqc93v7fzSymt1BpwEU8nAUXs8qzzvqhbjhK5QZg6Mt/HkBg==",
      "license": "MIT"
    },
    "node_modules/lodash.mergewith": {
      "version": "4.6.2",
      "resolved": "https://registry.npmjs.org/lodash.mergewith/-/lodash.mergewith-4.6.2.tgz",
      "integrity": "sha512-GK3g5RPZWTRSeLSpgP8Xhra+pnjBC56q9FZYe1d5RN3TJ35dbkGy3YqBSMbyCrlbi+CM9Z3Jk5yTL7RCsqboyQ==",
      "license": "MIT"
    },
    "node_modules/parent-module": {
      "version": "1.0.1",
      "resolved": "https://registry.npmjs.org/parent-module/-/parent-module-1.0.1.tgz",
      "integrity": "sha512-GQ2EWRpQV8/o+Aw8YqtfZZPfNRWZYkbidE9k5rpl/hC3vtHHBfGm2Ifi6qWV+coDGkrUKZAxE3Lot5kcsRlh+g==",
      "license": "MIT",
      "dependencies": {
        "callsites": "^3.0.0"
      },
      "engines": {
        "node": ">=6"
      }
    },
    "node_modules/parse-json": {
      "version": "5.2.0",
      "resolved": "https://registry.npmjs.org/parse-json/-/parse-json-5.2.0.tgz",
      "integrity": "sha512-ayCKvm/phCGxOkYRSCM82iDwct8/EonSEgCSxWxD7ve6jHggsFl4fZVQBPRNgQoKiuV/odhFrGzQXZwbifC8Rg==",
      "license": "MIT",
      "dependencies": {
        "@babel/code-frame": "^7.0.0",
        "error-ex": "^1.3.1",
        "json-parse-even-better-errors": "^2.3.0",
        "lines-and-columns": "^1.1.6"
      },
      "engines": {
        "node": ">=8"
      },
      "funding": {
        "url": "https://github.com/sponsors/sindresorhus"
      }
    },
    "node_modules/picocolors": {
      "version": "1.1.1",
      "resolved": "https://registry.npmjs.org/picocolors/-/picocolors-1.1.1.tgz",
      "integrity": "sha512-xceH2snhtb5M9liqDsmEw56le376mTZkEX/jEb/RxNFyegNul7eNslCXP9FDj/Lcu0X8KEyMceP2ntpaHrDEVA==",
      "license": "ISC"
    },
    "node_modules/resolve-from": {
      "version": "4.0.0",
      "resolved": "https://registry.npmjs.org/resolve-from/-/resolve-from-4.0.0.tgz",
      "integrity": "sha512-pb/MYmXstAkysRFx8piNI1tGFNQIFA3vkE3Gq4EuA1dF6gHp/+vgZqsCGJapvy8N3Q+4o7FwvquPJcnZ7RYy4g==",
      "license": "MIT",
      "engines": {
        "node": ">=4"
      }
    },
    "node_modules/typescript": {
      "version": "5.9.3",
      "resolved": "https://registry.npmjs.org/typescript/-/typescript-5.9.3.tgz",
      "integrity": "sha512-jl1vZzPDinLr9eUt3J/t7V6FgNEw9QjvBPdysz9KfQDD41fQrC2Y4vKQdiaUpFT4bXlb1RHhLpp8wtm6M5TgSw==",
      "devOptional": true,
      "license": "Apache-2.0",
      "bin": {
        "tsc": "bin/tsc",
        "tsserver": "bin/tsserver"
      },
      "engines": {
        "node": ">=14.17"
      }
    },
    "node_modules/undici-types": {
      "version": "6.21.0",
      "resolved": "https://registry.npmjs.org/undici-types/-/undici-types-6.21.0.tgz",
      "integrity": "sha512-iwDZqg0QAGrg9Rav5H4n0M64c3mkR59cJ6wQp+7C4nI0gsmExaedaYLNO44eT4AtBBwjbTiGPMlt2Md0T9H9JQ==",
      "dev": true,
      "license": "MIT"
    },
    "node_modules/zod": {
      "version": "3.25.76",
      "resolved": "https://registry.npmjs.org/zod/-/zod-3.25.76.tgz",
      "integrity": "sha512-gzUt/qt81nXsFGKIFcC3YnfEAx5NkunCfnDlvuBSSFS02bcXu4Lmea0AFIUwbLWxWPx3d9p8S5QoaujKcNQxcQ==",
      "license": "MIT",
      "funding": {
        "url": "https://github.com/sponsors/colinhacks"
      }
    }
  }
}
